// !$*UTF8*$!
{
	archiveVersion = 1;
	classes = {
	};
	objectVersion = 55;
	objects = {

/* Begin PBXBuildFile section */
		0353F7802856145C0098CA8C /* Realm in Frameworks */ = {isa = PBXBuildFile; productRef = 0353F77F2856145C0098CA8C /* Realm */; };
		0353F7822856145C0098CA8C /* RealmSwift in Frameworks */ = {isa = PBXBuildFile; productRef = 0353F7812856145C0098CA8C /* RealmSwift */; };
		0387B8292850683E00C4351E /* Project.swift in Sources */ = {isa = PBXBuildFile; fileRef = 0387B8282850683E00C4351E /* Project.swift */; };
		0387B82B2851E1A700C4351E /* LookViewController.swift in Sources */ = {isa = PBXBuildFile; fileRef = 0387B82A2851E1A700C4351E /* LookViewController.swift */; };
		03C12C00284DEBE00030A303 /* AppDelegate.swift in Sources */ = {isa = PBXBuildFile; fileRef = 03C12BFF284DEBE00030A303 /* AppDelegate.swift */; };
		03C12C02284DEBE00030A303 /* SceneDelegate.swift in Sources */ = {isa = PBXBuildFile; fileRef = 03C12C01284DEBE00030A303 /* SceneDelegate.swift */; };
		03C12C04284DEBE00030A303 /* ViewController.swift in Sources */ = {isa = PBXBuildFile; fileRef = 03C12C03284DEBE00030A303 /* ViewController.swift */; };
		03C12C07284DEBE00030A303 /* Main.storyboard in Resources */ = {isa = PBXBuildFile; fileRef = 03C12C05284DEBE00030A303 /* Main.storyboard */; };
		03C12C0A284DEBE00030A303 /* MissionTravel.xcdatamodeld in Sources */ = {isa = PBXBuildFile; fileRef = 03C12C08284DEBE00030A303 /* MissionTravel.xcdatamodeld */; };
		03C12C0C284DEBE20030A303 /* Assets.xcassets in Resources */ = {isa = PBXBuildFile; fileRef = 03C12C0B284DEBE20030A303 /* Assets.xcassets */; };
		03C12C0F284DEBE20030A303 /* LaunchScreen.storyboard in Resources */ = {isa = PBXBuildFile; fileRef = 03C12C0D284DEBE20030A303 /* LaunchScreen.storyboard */; };
		03C12C1A284DEBE20030A303 /* MissionTravelTests.swift in Sources */ = {isa = PBXBuildFile; fileRef = 03C12C19284DEBE20030A303 /* MissionTravelTests.swift */; };
		03C12C24284DEBE20030A303 /* MissionTravelUITests.swift in Sources */ = {isa = PBXBuildFile; fileRef = 03C12C23284DEBE20030A303 /* MissionTravelUITests.swift */; };
		03C12C26284DEBE20030A303 /* MissionTravelUITestsLaunchTests.swift in Sources */ = {isa = PBXBuildFile; fileRef = 03C12C25284DEBE20030A303 /* MissionTravelUITestsLaunchTests.swift */; };
		03C12C34284DEC9D0030A303 /* Realm in Frameworks */ = {isa = PBXBuildFile; productRef = 03C12C33284DEC9D0030A303 /* Realm */; };
		03C12C36284DEC9D0030A303 /* RealmSwift in Frameworks */ = {isa = PBXBuildFile; productRef = 03C12C35284DEC9D0030A303 /* RealmSwift */; };
		03C12C3C284E4C9A0030A303 /* EditViewController.swift in Sources */ = {isa = PBXBuildFile; fileRef = 03C12C3B284E4C9A0030A303 /* EditViewController.swift */; };
		03C12C3E284E58FD0030A303 /* ListViewController.swift in Sources */ = {isa = PBXBuildFile; fileRef = 03C12C3D284E58FD0030A303 /* ListViewController.swift */; };
		73D66A3E29780DA8003A786C /* Localizable.strings in Resources */ = {isa = PBXBuildFile; fileRef = 73D66A3D29780DA8003A786C /* Localizable.strings */; };
		73D66A4029780DB0003A786C /* Localized.swift in Sources */ = {isa = PBXBuildFile; fileRef = 73D66A3F29780DB0003A786C /* Localized.swift */; };
		73D66A4229780DBA003A786C /* Assets.swift in Sources */ = {isa = PBXBuildFile; fileRef = 73D66A4129780DBA003A786C /* Assets.swift */; };
		73D66A4429780DFE003A786C /* Instantiable.swift in Sources */ = {isa = PBXBuildFile; fileRef = 73D66A4329780DFE003A786C /* Instantiable.swift */; };
/* End PBXBuildFile section */

/* Begin PBXContainerItemProxy section */
		03C12C16284DEBE20030A303 /* PBXContainerItemProxy */ = {
			isa = PBXContainerItemProxy;
			containerPortal = 03C12BF4284DEBE00030A303 /* Project object */;
			proxyType = 1;
			remoteGlobalIDString = 03C12BFB284DEBE00030A303;
			remoteInfo = MissionTravel;
		};
		03C12C20284DEBE20030A303 /* PBXContainerItemProxy */ = {
			isa = PBXContainerItemProxy;
			containerPortal = 03C12BF4284DEBE00030A303 /* Project object */;
			proxyType = 1;
			remoteGlobalIDString = 03C12BFB284DEBE00030A303;
			remoteInfo = MissionTravel;
		};
/* End PBXContainerItemProxy section */

/* Begin PBXFileReference section */
		0387B8282850683E00C4351E /* Project.swift */ = {isa = PBXFileReference; lastKnownFileType = sourcecode.swift; path = Project.swift; sourceTree = "<group>"; };
		0387B82A2851E1A700C4351E /* LookViewController.swift */ = {isa = PBXFileReference; lastKnownFileType = sourcecode.swift; path = LookViewController.swift; sourceTree = "<group>"; };
		03C12BFC284DEBE00030A303 /* MissionTravel.app */ = {isa = PBXFileReference; explicitFileType = wrapper.application; includeInIndex = 0; path = MissionTravel.app; sourceTree = BUILT_PRODUCTS_DIR; };
		03C12BFF284DEBE00030A303 /* AppDelegate.swift */ = {isa = PBXFileReference; lastKnownFileType = sourcecode.swift; path = AppDelegate.swift; sourceTree = "<group>"; };
		03C12C01284DEBE00030A303 /* SceneDelegate.swift */ = {isa = PBXFileReference; lastKnownFileType = sourcecode.swift; path = SceneDelegate.swift; sourceTree = "<group>"; };
		03C12C03284DEBE00030A303 /* ViewController.swift */ = {isa = PBXFileReference; lastKnownFileType = sourcecode.swift; path = ViewController.swift; sourceTree = "<group>"; };
		03C12C06284DEBE00030A303 /* Base */ = {isa = PBXFileReference; lastKnownFileType = file.storyboard; name = Base; path = Base.lproj/Main.storyboard; sourceTree = "<group>"; };
		03C12C09284DEBE00030A303 /* MissionTravel.xcdatamodel */ = {isa = PBXFileReference; lastKnownFileType = wrapper.xcdatamodel; path = MissionTravel.xcdatamodel; sourceTree = "<group>"; };
		03C12C0B284DEBE20030A303 /* Assets.xcassets */ = {isa = PBXFileReference; lastKnownFileType = folder.assetcatalog; path = Assets.xcassets; sourceTree = "<group>"; };
		03C12C0E284DEBE20030A303 /* Base */ = {isa = PBXFileReference; lastKnownFileType = file.storyboard; name = Base; path = Base.lproj/LaunchScreen.storyboard; sourceTree = "<group>"; };
		03C12C10284DEBE20030A303 /* Info.plist */ = {isa = PBXFileReference; lastKnownFileType = text.plist.xml; path = Info.plist; sourceTree = "<group>"; };
		03C12C15284DEBE20030A303 /* MissionTravelTests.xctest */ = {isa = PBXFileReference; explicitFileType = wrapper.cfbundle; includeInIndex = 0; path = MissionTravelTests.xctest; sourceTree = BUILT_PRODUCTS_DIR; };
		03C12C19284DEBE20030A303 /* MissionTravelTests.swift */ = {isa = PBXFileReference; lastKnownFileType = sourcecode.swift; path = MissionTravelTests.swift; sourceTree = "<group>"; };
		03C12C1F284DEBE20030A303 /* MissionTravelUITests.xctest */ = {isa = PBXFileReference; explicitFileType = wrapper.cfbundle; includeInIndex = 0; path = MissionTravelUITests.xctest; sourceTree = BUILT_PRODUCTS_DIR; };
		03C12C23284DEBE20030A303 /* MissionTravelUITests.swift */ = {isa = PBXFileReference; lastKnownFileType = sourcecode.swift; path = MissionTravelUITests.swift; sourceTree = "<group>"; };
		03C12C25284DEBE20030A303 /* MissionTravelUITestsLaunchTests.swift */ = {isa = PBXFileReference; lastKnownFileType = sourcecode.swift; path = MissionTravelUITestsLaunchTests.swift; sourceTree = "<group>"; };
		03C12C3B284E4C9A0030A303 /* EditViewController.swift */ = {isa = PBXFileReference; lastKnownFileType = sourcecode.swift; path = EditViewController.swift; sourceTree = "<group>"; };
		03C12C3D284E58FD0030A303 /* ListViewController.swift */ = {isa = PBXFileReference; lastKnownFileType = sourcecode.swift; path = ListViewController.swift; sourceTree = "<group>"; };
		73D66A3D29780DA8003A786C /* Localizable.strings */ = {isa = PBXFileReference; lastKnownFileType = text.plist.strings; path = Localizable.strings; sourceTree = "<group>"; };
		73D66A3F29780DB0003A786C /* Localized.swift */ = {isa = PBXFileReference; lastKnownFileType = sourcecode.swift; path = Localized.swift; sourceTree = "<group>"; };
		73D66A4129780DBA003A786C /* Assets.swift */ = {isa = PBXFileReference; lastKnownFileType = sourcecode.swift; path = Assets.swift; sourceTree = "<group>"; };
		73D66A4329780DFE003A786C /* Instantiable.swift */ = {isa = PBXFileReference; lastKnownFileType = sourcecode.swift; path = Instantiable.swift; sourceTree = "<group>"; };
/* End PBXFileReference section */

/* Begin PBXFrameworksBuildPhase section */
		03C12BF9284DEBE00030A303 /* Frameworks */ = {
			isa = PBXFrameworksBuildPhase;
			buildActionMask = 2147483647;
			files = (
				0353F7822856145C0098CA8C /* RealmSwift in Frameworks */,
				0353F7802856145C0098CA8C /* Realm in Frameworks */,
				03C12C36284DEC9D0030A303 /* RealmSwift in Frameworks */,
				03C12C34284DEC9D0030A303 /* Realm in Frameworks */,
			);
			runOnlyForDeploymentPostprocessing = 0;
		};
		03C12C12284DEBE20030A303 /* Frameworks */ = {
			isa = PBXFrameworksBuildPhase;
			buildActionMask = 2147483647;
			files = (
			);
			runOnlyForDeploymentPostprocessing = 0;
		};
		03C12C1C284DEBE20030A303 /* Frameworks */ = {
			isa = PBXFrameworksBuildPhase;
			buildActionMask = 2147483647;
			files = (
			);
			runOnlyForDeploymentPostprocessing = 0;
		};
/* End PBXFrameworksBuildPhase section */

/* Begin PBXGroup section */
		0342C5D22854942800E17458 /* ViewController */ = {
			isa = PBXGroup;
			children = (
				03C12C03284DEBE00030A303 /* ViewController.swift */,
				03C12C3B284E4C9A0030A303 /* EditViewController.swift */,
				03C12C3D284E58FD0030A303 /* ListViewController.swift */,
				0387B82A2851E1A700C4351E /* LookViewController.swift */,
			);
			path = ViewController;
			sourceTree = "<group>";
		};
		0342C5D32854944A00E17458 /* Models */ = {
			isa = PBXGroup;
			children = (
				0387B8282850683E00C4351E /* Project.swift */,
			);
			path = Models;
			sourceTree = "<group>";
		};
		03C12BF3284DEBE00030A303 = {
			isa = PBXGroup;
			children = (
				03C12BFE284DEBE00030A303 /* MissionTravel */,
				03C12C18284DEBE20030A303 /* MissionTravelTests */,
				03C12C22284DEBE20030A303 /* MissionTravelUITests */,
				03C12BFD284DEBE00030A303 /* Products */,
			);
			sourceTree = "<group>";
		};
		03C12BFD284DEBE00030A303 /* Products */ = {
			isa = PBXGroup;
			children = (
				03C12BFC284DEBE00030A303 /* MissionTravel.app */,
				03C12C15284DEBE20030A303 /* MissionTravelTests.xctest */,
				03C12C1F284DEBE20030A303 /* MissionTravelUITests.xctest */,
			);
			name = Products;
			sourceTree = "<group>";
		};
		03C12BFE284DEBE00030A303 /* MissionTravel */ = {
			isa = PBXGroup;
			children = (
				73D66A3C29780D86003A786C /* Common */,
				03C12BFF284DEBE00030A303 /* AppDelegate.swift */,
				03C12C01284DEBE00030A303 /* SceneDelegate.swift */,
				0342C5D22854942800E17458 /* ViewController */,
				0342C5D32854944A00E17458 /* Models */,
				03C12C05284DEBE00030A303 /* Main.storyboard */,
				03C12C0B284DEBE20030A303 /* Assets.xcassets */,
				03C12C0D284DEBE20030A303 /* LaunchScreen.storyboard */,
				03C12C10284DEBE20030A303 /* Info.plist */,
				03C12C08284DEBE00030A303 /* MissionTravel.xcdatamodeld */,
			);
			path = MissionTravel;
			sourceTree = "<group>";
		};
		03C12C18284DEBE20030A303 /* MissionTravelTests */ = {
			isa = PBXGroup;
			children = (
				03C12C19284DEBE20030A303 /* MissionTravelTests.swift */,
			);
			path = MissionTravelTests;
			sourceTree = "<group>";
		};
		03C12C22284DEBE20030A303 /* MissionTravelUITests */ = {
			isa = PBXGroup;
			children = (
				03C12C23284DEBE20030A303 /* MissionTravelUITests.swift */,
				03C12C25284DEBE20030A303 /* MissionTravelUITestsLaunchTests.swift */,
			);
			path = MissionTravelUITests;
			sourceTree = "<group>";
		};
		73D66A3C29780D86003A786C /* Common */ = {
			isa = PBXGroup;
			children = (
				73D66A3D29780DA8003A786C /* Localizable.strings */,
				73D66A3F29780DB0003A786C /* Localized.swift */,
				73D66A4129780DBA003A786C /* Assets.swift */,
				73D66A4329780DFE003A786C /* Instantiable.swift */,
			);
			path = Common;
			sourceTree = "<group>";
		};
/* End PBXGroup section */

/* Begin PBXNativeTarget section */
		03C12BFB284DEBE00030A303 /* MissionTravel */ = {
			isa = PBXNativeTarget;
			buildConfigurationList = 03C12C29284DEBE20030A303 /* Build configuration list for PBXNativeTarget "MissionTravel" */;
			buildPhases = (
				03C12BF8284DEBE00030A303 /* Sources */,
				03C12BF9284DEBE00030A303 /* Frameworks */,
				03C12BFA284DEBE00030A303 /* Resources */,
				73D66A3A29780C3C003A786C /* ShellScript */,
				73D66A3B29780C57003A786C /* ShellScript */,
			);
			buildRules = (
			);
			dependencies = (
			);
			name = MissionTravel;
			packageProductDependencies = (
				03C12C33284DEC9D0030A303 /* Realm */,
				03C12C35284DEC9D0030A303 /* RealmSwift */,
				0353F77F2856145C0098CA8C /* Realm */,
				0353F7812856145C0098CA8C /* RealmSwift */,
			);
			productName = MissionTravel;
			productReference = 03C12BFC284DEBE00030A303 /* MissionTravel.app */;
			productType = "com.apple.product-type.application";
		};
		03C12C14284DEBE20030A303 /* MissionTravelTests */ = {
			isa = PBXNativeTarget;
			buildConfigurationList = 03C12C2C284DEBE20030A303 /* Build configuration list for PBXNativeTarget "MissionTravelTests" */;
			buildPhases = (
				03C12C11284DEBE20030A303 /* Sources */,
				03C12C12284DEBE20030A303 /* Frameworks */,
				03C12C13284DEBE20030A303 /* Resources */,
			);
			buildRules = (
			);
			dependencies = (
				03C12C17284DEBE20030A303 /* PBXTargetDependency */,
			);
			name = MissionTravelTests;
			productName = MissionTravelTests;
			productReference = 03C12C15284DEBE20030A303 /* MissionTravelTests.xctest */;
			productType = "com.apple.product-type.bundle.unit-test";
		};
		03C12C1E284DEBE20030A303 /* MissionTravelUITests */ = {
			isa = PBXNativeTarget;
			buildConfigurationList = 03C12C2F284DEBE20030A303 /* Build configuration list for PBXNativeTarget "MissionTravelUITests" */;
			buildPhases = (
				03C12C1B284DEBE20030A303 /* Sources */,
				03C12C1C284DEBE20030A303 /* Frameworks */,
				03C12C1D284DEBE20030A303 /* Resources */,
			);
			buildRules = (
			);
			dependencies = (
				03C12C21284DEBE20030A303 /* PBXTargetDependency */,
			);
			name = MissionTravelUITests;
			productName = MissionTravelUITests;
			productReference = 03C12C1F284DEBE20030A303 /* MissionTravelUITests.xctest */;
			productType = "com.apple.product-type.bundle.ui-testing";
		};
/* End PBXNativeTarget section */

/* Begin PBXProject section */
		03C12BF4284DEBE00030A303 /* Project object */ = {
			isa = PBXProject;
			attributes = {
				BuildIndependentTargetsInParallel = 1;
				LastSwiftUpdateCheck = 1340;
				LastUpgradeCheck = 1340;
				TargetAttributes = {
					03C12BFB284DEBE00030A303 = {
						CreatedOnToolsVersion = 13.4.1;
					};
					03C12C14284DEBE20030A303 = {
						CreatedOnToolsVersion = 13.4.1;
						TestTargetID = 03C12BFB284DEBE00030A303;
					};
					03C12C1E284DEBE20030A303 = {
						CreatedOnToolsVersion = 13.4.1;
						TestTargetID = 03C12BFB284DEBE00030A303;
					};
				};
			};
			buildConfigurationList = 03C12BF7284DEBE00030A303 /* Build configuration list for PBXProject "MissionTravel" */;
			compatibilityVersion = "Xcode 13.0";
			developmentRegion = en;
			hasScannedForEncodings = 0;
			knownRegions = (
				en,
				Base,
			);
			mainGroup = 03C12BF3284DEBE00030A303;
			packageReferences = (
				03C12C32284DEC9D0030A303 /* XCRemoteSwiftPackageReference "realm-swift" */,
				0353F77E2856145C0098CA8C /* XCRemoteSwiftPackageReference "realm-swift" */,
			);
			productRefGroup = 03C12BFD284DEBE00030A303 /* Products */;
			projectDirPath = "";
			projectRoot = "";
			targets = (
				03C12BFB284DEBE00030A303 /* MissionTravel */,
				03C12C14284DEBE20030A303 /* MissionTravelTests */,
				03C12C1E284DEBE20030A303 /* MissionTravelUITests */,
			);
		};
/* End PBXProject section */

/* Begin PBXResourcesBuildPhase section */
		03C12BFA284DEBE00030A303 /* Resources */ = {
			isa = PBXResourcesBuildPhase;
			buildActionMask = 2147483647;
			files = (
				03C12C0F284DEBE20030A303 /* LaunchScreen.storyboard in Resources */,
				73D66A3E29780DA8003A786C /* Localizable.strings in Resources */,
				03C12C0C284DEBE20030A303 /* Assets.xcassets in Resources */,
				03C12C07284DEBE00030A303 /* Main.storyboard in Resources */,
			);
			runOnlyForDeploymentPostprocessing = 0;
		};
		03C12C13284DEBE20030A303 /* Resources */ = {
			isa = PBXResourcesBuildPhase;
			buildActionMask = 2147483647;
			files = (
			);
			runOnlyForDeploymentPostprocessing = 0;
		};
		03C12C1D284DEBE20030A303 /* Resources */ = {
			isa = PBXResourcesBuildPhase;
			buildActionMask = 2147483647;
			files = (
			);
			runOnlyForDeploymentPostprocessing = 0;
		};
/* End PBXResourcesBuildPhase section */

/* Begin PBXShellScriptBuildPhase section */
		73D66A3A29780C3C003A786C /* ShellScript */ = {
			isa = PBXShellScriptBuildPhase;
			buildActionMask = 2147483647;
			files = (
			);
			inputFileListPaths = (
			);
			inputPaths = (
			);
			outputFileListPaths = (
			);
			outputPaths = (
			);
			runOnlyForDeploymentPostprocessing = 0;
			shellPath = /bin/sh;
			shellScript = "if test -d /opt/homebrew/bin; then\n    PATH=/opt/homebrew/bin/:$PATH\nfi\n\nif which swiftlint >/dev/null; then\n    swiftlint\nelse\n    echo \"warning: SwiftLint not installed, download from https://github.com/realm/SwiftLint\"\nfi\n";
		};
		73D66A3B29780C57003A786C /* ShellScript */ = {
			isa = PBXShellScriptBuildPhase;
			buildActionMask = 2147483647;
			files = (
			);
			inputFileListPaths = (
			);
			inputPaths = (
			);
			outputFileListPaths = (
			);
			outputPaths = (
			);
			runOnlyForDeploymentPostprocessing = 0;
			shellPath = /bin/sh;
			shellScript = "export PATH=/opt/homebrew/bin:$PATH\n\nif which mint >/dev/null; then\n    # SwiftGen\n    xcrun --sdk macosx mint run swiftgen\nelse \n    echo 'warning: mint not installed.'\nfi\n";
		};
/* End PBXShellScriptBuildPhase section */

/* Begin PBXSourcesBuildPhase section */
		03C12BF8284DEBE00030A303 /* Sources */ = {
			isa = PBXSourcesBuildPhase;
			buildActionMask = 2147483647;
			files = (
				03C12C3C284E4C9A0030A303 /* EditViewController.swift in Sources */,
				03C12C04284DEBE00030A303 /* ViewController.swift in Sources */,
				03C12C3E284E58FD0030A303 /* ListViewController.swift in Sources */,
				03C12C00284DEBE00030A303 /* AppDelegate.swift in Sources */,
				73D66A4029780DB0003A786C /* Localized.swift in Sources */,
				03C12C0A284DEBE00030A303 /* MissionTravel.xcdatamodeld in Sources */,
				0387B8292850683E00C4351E /* Project.swift in Sources */,
				03C12C02284DEBE00030A303 /* SceneDelegate.swift in Sources */,
				73D66A4229780DBA003A786C /* Assets.swift in Sources */,
				73D66A4429780DFE003A786C /* Instantiable.swift in Sources */,
				0387B82B2851E1A700C4351E /* LookViewController.swift in Sources */,
			);
			runOnlyForDeploymentPostprocessing = 0;
		};
		03C12C11284DEBE20030A303 /* Sources */ = {
			isa = PBXSourcesBuildPhase;
			buildActionMask = 2147483647;
			files = (
				03C12C1A284DEBE20030A303 /* MissionTravelTests.swift in Sources */,
			);
			runOnlyForDeploymentPostprocessing = 0;
		};
		03C12C1B284DEBE20030A303 /* Sources */ = {
			isa = PBXSourcesBuildPhase;
			buildActionMask = 2147483647;
			files = (
				03C12C24284DEBE20030A303 /* MissionTravelUITests.swift in Sources */,
				03C12C26284DEBE20030A303 /* MissionTravelUITestsLaunchTests.swift in Sources */,
			);
			runOnlyForDeploymentPostprocessing = 0;
		};
/* End PBXSourcesBuildPhase section */

/* Begin PBXTargetDependency section */
		03C12C17284DEBE20030A303 /* PBXTargetDependency */ = {
			isa = PBXTargetDependency;
			target = 03C12BFB284DEBE00030A303 /* MissionTravel */;
			targetProxy = 03C12C16284DEBE20030A303 /* PBXContainerItemProxy */;
		};
		03C12C21284DEBE20030A303 /* PBXTargetDependency */ = {
			isa = PBXTargetDependency;
			target = 03C12BFB284DEBE00030A303 /* MissionTravel */;
			targetProxy = 03C12C20284DEBE20030A303 /* PBXContainerItemProxy */;
		};
/* End PBXTargetDependency section */

/* Begin PBXVariantGroup section */
		03C12C05284DEBE00030A303 /* Main.storyboard */ = {
			isa = PBXVariantGroup;
			children = (
				03C12C06284DEBE00030A303 /* Base */,
			);
			name = Main.storyboard;
			sourceTree = "<group>";
		};
		03C12C0D284DEBE20030A303 /* LaunchScreen.storyboard */ = {
			isa = PBXVariantGroup;
			children = (
				03C12C0E284DEBE20030A303 /* Base */,
			);
			name = LaunchScreen.storyboard;
			sourceTree = "<group>";
		};
/* End PBXVariantGroup section */

/* Begin XCBuildConfiguration section */
		03C12C27284DEBE20030A303 /* Debug */ = {
			isa = XCBuildConfiguration;
			buildSettings = {
				ALWAYS_SEARCH_USER_PATHS = NO;
				CLANG_ANALYZER_NONNULL = YES;
				CLANG_ANALYZER_NUMBER_OBJECT_CONVERSION = YES_AGGRESSIVE;
				CLANG_CXX_LANGUAGE_STANDARD = "gnu++17";
				CLANG_ENABLE_MODULES = YES;
				CLANG_ENABLE_OBJC_ARC = YES;
				CLANG_ENABLE_OBJC_WEAK = YES;
				CLANG_WARN_BLOCK_CAPTURE_AUTORELEASING = YES;
				CLANG_WARN_BOOL_CONVERSION = YES;
				CLANG_WARN_COMMA = YES;
				CLANG_WARN_CONSTANT_CONVERSION = YES;
				CLANG_WARN_DEPRECATED_OBJC_IMPLEMENTATIONS = YES;
				CLANG_WARN_DIRECT_OBJC_ISA_USAGE = YES_ERROR;
				CLANG_WARN_DOCUMENTATION_COMMENTS = YES;
				CLANG_WARN_EMPTY_BODY = YES;
				CLANG_WARN_ENUM_CONVERSION = YES;
				CLANG_WARN_INFINITE_RECURSION = YES;
				CLANG_WARN_INT_CONVERSION = YES;
				CLANG_WARN_NON_LITERAL_NULL_CONVERSION = YES;
				CLANG_WARN_OBJC_IMPLICIT_RETAIN_SELF = YES;
				CLANG_WARN_OBJC_LITERAL_CONVERSION = YES;
				CLANG_WARN_OBJC_ROOT_CLASS = YES_ERROR;
				CLANG_WARN_QUOTED_INCLUDE_IN_FRAMEWORK_HEADER = YES;
				CLANG_WARN_RANGE_LOOP_ANALYSIS = YES;
				CLANG_WARN_STRICT_PROTOTYPES = YES;
				CLANG_WARN_SUSPICIOUS_MOVE = YES;
				CLANG_WARN_UNGUARDED_AVAILABILITY = YES_AGGRESSIVE;
				CLANG_WARN_UNREACHABLE_CODE = YES;
				CLANG_WARN__DUPLICATE_METHOD_MATCH = YES;
				COPY_PHASE_STRIP = NO;
				DEBUG_INFORMATION_FORMAT = dwarf;
				ENABLE_STRICT_OBJC_MSGSEND = YES;
				ENABLE_TESTABILITY = YES;
				GCC_C_LANGUAGE_STANDARD = gnu11;
				GCC_DYNAMIC_NO_PIC = NO;
				GCC_NO_COMMON_BLOCKS = YES;
				GCC_OPTIMIZATION_LEVEL = 0;
				GCC_PREPROCESSOR_DEFINITIONS = (
					"DEBUG=1",
					"$(inherited)",
				);
				GCC_WARN_64_TO_32_BIT_CONVERSION = YES;
				GCC_WARN_ABOUT_RETURN_TYPE = YES_ERROR;
				GCC_WARN_UNDECLARED_SELECTOR = YES;
				GCC_WARN_UNINITIALIZED_AUTOS = YES_AGGRESSIVE;
				GCC_WARN_UNUSED_FUNCTION = YES;
				GCC_WARN_UNUSED_VARIABLE = YES;
				IPHONEOS_DEPLOYMENT_TARGET = 15.5;
				MTL_ENABLE_DEBUG_INFO = INCLUDE_SOURCE;
				MTL_FAST_MATH = YES;
				ONLY_ACTIVE_ARCH = YES;
				SDKROOT = iphoneos;
				SWIFT_ACTIVE_COMPILATION_CONDITIONS = DEBUG;
				SWIFT_OPTIMIZATION_LEVEL = "-Onone";
			};
			name = Debug;
		};
		03C12C28284DEBE20030A303 /* Release */ = {
			isa = XCBuildConfiguration;
			buildSettings = {
				ALWAYS_SEARCH_USER_PATHS = NO;
				CLANG_ANALYZER_NONNULL = YES;
				CLANG_ANALYZER_NUMBER_OBJECT_CONVERSION = YES_AGGRESSIVE;
				CLANG_CXX_LANGUAGE_STANDARD = "gnu++17";
				CLANG_ENABLE_MODULES = YES;
				CLANG_ENABLE_OBJC_ARC = YES;
				CLANG_ENABLE_OBJC_WEAK = YES;
				CLANG_WARN_BLOCK_CAPTURE_AUTORELEASING = YES;
				CLANG_WARN_BOOL_CONVERSION = YES;
				CLANG_WARN_COMMA = YES;
				CLANG_WARN_CONSTANT_CONVERSION = YES;
				CLANG_WARN_DEPRECATED_OBJC_IMPLEMENTATIONS = YES;
				CLANG_WARN_DIRECT_OBJC_ISA_USAGE = YES_ERROR;
				CLANG_WARN_DOCUMENTATION_COMMENTS = YES;
				CLANG_WARN_EMPTY_BODY = YES;
				CLANG_WARN_ENUM_CONVERSION = YES;
				CLANG_WARN_INFINITE_RECURSION = YES;
				CLANG_WARN_INT_CONVERSION = YES;
				CLANG_WARN_NON_LITERAL_NULL_CONVERSION = YES;
				CLANG_WARN_OBJC_IMPLICIT_RETAIN_SELF = YES;
				CLANG_WARN_OBJC_LITERAL_CONVERSION = YES;
				CLANG_WARN_OBJC_ROOT_CLASS = YES_ERROR;
				CLANG_WARN_QUOTED_INCLUDE_IN_FRAMEWORK_HEADER = YES;
				CLANG_WARN_RANGE_LOOP_ANALYSIS = YES;
				CLANG_WARN_STRICT_PROTOTYPES = YES;
				CLANG_WARN_SUSPICIOUS_MOVE = YES;
				CLANG_WARN_UNGUARDED_AVAILABILITY = YES_AGGRESSIVE;
				CLANG_WARN_UNREACHABLE_CODE = YES;
				CLANG_WARN__DUPLICATE_METHOD_MATCH = YES;
				COPY_PHASE_STRIP = NO;
				DEBUG_INFORMATION_FORMAT = "dwarf-with-dsym";
				ENABLE_NS_ASSERTIONS = NO;
				ENABLE_STRICT_OBJC_MSGSEND = YES;
				GCC_C_LANGUAGE_STANDARD = gnu11;
				GCC_NO_COMMON_BLOCKS = YES;
				GCC_WARN_64_TO_32_BIT_CONVERSION = YES;
				GCC_WARN_ABOUT_RETURN_TYPE = YES_ERROR;
				GCC_WARN_UNDECLARED_SELECTOR = YES;
				GCC_WARN_UNINITIALIZED_AUTOS = YES_AGGRESSIVE;
				GCC_WARN_UNUSED_FUNCTION = YES;
				GCC_WARN_UNUSED_VARIABLE = YES;
				IPHONEOS_DEPLOYMENT_TARGET = 15.5;
				MTL_ENABLE_DEBUG_INFO = NO;
				MTL_FAST_MATH = YES;
				SDKROOT = iphoneos;
				SWIFT_COMPILATION_MODE = wholemodule;
				SWIFT_OPTIMIZATION_LEVEL = "-O";
				VALIDATE_PRODUCT = YES;
			};
			name = Release;
		};
		03C12C2A284DEBE20030A303 /* Debug */ = {
			isa = XCBuildConfiguration;
			buildSettings = {
				ASSETCATALOG_COMPILER_APPICON_NAME = AppIcon;
				ASSETCATALOG_COMPILER_GLOBAL_ACCENT_COLOR_NAME = AccentColor;
				CODE_SIGN_STYLE = Automatic;
				CURRENT_PROJECT_VERSION = 1;
				DEVELOPMENT_TEAM = 2583Y3NAVD;
				GENERATE_INFOPLIST_FILE = YES;
				INFOPLIST_FILE = MissionTravel/Info.plist;
				INFOPLIST_KEY_UIApplicationSupportsIndirectInputEvents = YES;
				INFOPLIST_KEY_UILaunchStoryboardName = LaunchScreen;
				INFOPLIST_KEY_UIMainStoryboardFile = Main;
				INFOPLIST_KEY_UISupportedInterfaceOrientations_iPad = "UIInterfaceOrientationPortrait UIInterfaceOrientationPortraitUpsideDown UIInterfaceOrientationLandscapeLeft UIInterfaceOrientationLandscapeRight";
				INFOPLIST_KEY_UISupportedInterfaceOrientations_iPhone = "UIInterfaceOrientationPortrait UIInterfaceOrientationLandscapeLeft UIInterfaceOrientationLandscapeRight";
				LD_RUNPATH_SEARCH_PATHS = (
					"$(inherited)",
					"@executable_path/Frameworks",
				);
				MARKETING_VERSION = 1.0;
				PRODUCT_BUNDLE_IDENTIFIER = app.yonezu.kitty.MissionTravel;
				PRODUCT_NAME = "$(TARGET_NAME)";
				SWIFT_EMIT_LOC_STRINGS = YES;
				SWIFT_VERSION = 5.0;
				TARGETED_DEVICE_FAMILY = "1,2";
			};
			name = Debug;
		};
		03C12C2B284DEBE20030A303 /* Release */ = {
			isa = XCBuildConfiguration;
			buildSettings = {
				ASSETCATALOG_COMPILER_APPICON_NAME = AppIcon;
				ASSETCATALOG_COMPILER_GLOBAL_ACCENT_COLOR_NAME = AccentColor;
				CODE_SIGN_STYLE = Automatic;
				CURRENT_PROJECT_VERSION = 1;
				DEVELOPMENT_TEAM = 2583Y3NAVD;
				GENERATE_INFOPLIST_FILE = YES;
				INFOPLIST_FILE = MissionTravel/Info.plist;
				INFOPLIST_KEY_UIApplicationSupportsIndirectInputEvents = YES;
				INFOPLIST_KEY_UILaunchStoryboardName = LaunchScreen;
				INFOPLIST_KEY_UIMainStoryboardFile = Main;
				INFOPLIST_KEY_UISupportedInterfaceOrientations_iPad = "UIInterfaceOrientationPortrait UIInterfaceOrientationPortraitUpsideDown UIInterfaceOrientationLandscapeLeft UIInterfaceOrientationLandscapeRight";
				INFOPLIST_KEY_UISupportedInterfaceOrientations_iPhone = "UIInterfaceOrientationPortrait UIInterfaceOrientationLandscapeLeft UIInterfaceOrientationLandscapeRight";
				LD_RUNPATH_SEARCH_PATHS = (
					"$(inherited)",
					"@executable_path/Frameworks",
				);
				MARKETING_VERSION = 1.0;
				PRODUCT_BUNDLE_IDENTIFIER = app.yonezu.kitty.MissionTravel;
				PRODUCT_NAME = "$(TARGET_NAME)";
				SWIFT_EMIT_LOC_STRINGS = YES;
				SWIFT_VERSION = 5.0;
				TARGETED_DEVICE_FAMILY = "1,2";
			};
			name = Release;
		};
		03C12C2D284DEBE20030A303 /* Debug */ = {
			isa = XCBuildConfiguration;
			buildSettings = {
				ALWAYS_EMBED_SWIFT_STANDARD_LIBRARIES = YES;
				BUNDLE_LOADER = "$(TEST_HOST)";
				CODE_SIGN_STYLE = Automatic;
				CURRENT_PROJECT_VERSION = 1;
				DEVELOPMENT_TEAM = 2583Y3NAVD;
				GENERATE_INFOPLIST_FILE = YES;
				IPHONEOS_DEPLOYMENT_TARGET = 15.5;
				MARKETING_VERSION = 1.0;
				PRODUCT_BUNDLE_IDENTIFIER = app.yonezu.kitty.MissionTravelTests;
				PRODUCT_NAME = "$(TARGET_NAME)";
				SWIFT_EMIT_LOC_STRINGS = NO;
				SWIFT_VERSION = 5.0;
				TARGETED_DEVICE_FAMILY = "1,2";
				TEST_HOST = "$(BUILT_PRODUCTS_DIR)/MissionTravel.app/MissionTravel";
			};
			name = Debug;
		};
		03C12C2E284DEBE20030A303 /* Release */ = {
			isa = XCBuildConfiguration;
			buildSettings = {
				ALWAYS_EMBED_SWIFT_STANDARD_LIBRARIES = YES;
				BUNDLE_LOADER = "$(TEST_HOST)";
				CODE_SIGN_STYLE = Automatic;
				CURRENT_PROJECT_VERSION = 1;
				DEVELOPMENT_TEAM = 2583Y3NAVD;
				GENERATE_INFOPLIST_FILE = YES;
				IPHONEOS_DEPLOYMENT_TARGET = 15.5;
				MARKETING_VERSION = 1.0;
				PRODUCT_BUNDLE_IDENTIFIER = app.yonezu.kitty.MissionTravelTests;
				PRODUCT_NAME = "$(TARGET_NAME)";
				SWIFT_EMIT_LOC_STRINGS = NO;
				SWIFT_VERSION = 5.0;
				TARGETED_DEVICE_FAMILY = "1,2";
				TEST_HOST = "$(BUILT_PRODUCTS_DIR)/MissionTravel.app/MissionTravel";
			};
			name = Release;
		};
		03C12C30284DEBE20030A303 /* Debug */ = {
			isa = XCBuildConfiguration;
			buildSettings = {
				ALWAYS_EMBED_SWIFT_STANDARD_LIBRARIES = YES;
				CODE_SIGN_STYLE = Automatic;
				CURRENT_PROJECT_VERSION = 1;
				DEVELOPMENT_TEAM = 2583Y3NAVD;
				GENERATE_INFOPLIST_FILE = YES;
				MARKETING_VERSION = 1.0;
				PRODUCT_BUNDLE_IDENTIFIER = app.yonezu.kitty.MissionTravelUITests;
				PRODUCT_NAME = "$(TARGET_NAME)";
				SWIFT_EMIT_LOC_STRINGS = NO;
				SWIFT_VERSION = 5.0;
				TARGETED_DEVICE_FAMILY = "1,2";
				TEST_TARGET_NAME = MissionTravel;
			};
			name = Debug;
		};
		03C12C31284DEBE20030A303 /* Release */ = {
			isa = XCBuildConfiguration;
			buildSettings = {
				ALWAYS_EMBED_SWIFT_STANDARD_LIBRARIES = YES;
				CODE_SIGN_STYLE = Automatic;
				CURRENT_PROJECT_VERSION = 1;
				DEVELOPMENT_TEAM = 2583Y3NAVD;
				GENERATE_INFOPLIST_FILE = YES;
				MARKETING_VERSION = 1.0;
				PRODUCT_BUNDLE_IDENTIFIER = app.yonezu.kitty.MissionTravelUITests;
				PRODUCT_NAME = "$(TARGET_NAME)";
				SWIFT_EMIT_LOC_STRINGS = NO;
				SWIFT_VERSION = 5.0;
				TARGETED_DEVICE_FAMILY = "1,2";
				TEST_TARGET_NAME = MissionTravel;
			};
			name = Release;
		};
/* End XCBuildConfiguration section */

/* Begin XCConfigurationList section */
		03C12BF7284DEBE00030A303 /* Build configuration list for PBXProject "MissionTravel" */ = {
			isa = XCConfigurationList;
			buildConfigurations = (
				03C12C27284DEBE20030A303 /* Debug */,
				03C12C28284DEBE20030A303 /* Release */,
			);
			defaultConfigurationIsVisible = 0;
			defaultConfigurationName = Release;
		};
		03C12C29284DEBE20030A303 /* Build configuration list for PBXNativeTarget "MissionTravel" */ = {
			isa = XCConfigurationList;
			buildConfigurations = (
				03C12C2A284DEBE20030A303 /* Debug */,
				03C12C2B284DEBE20030A303 /* Release */,
			);
			defaultConfigurationIsVisible = 0;
			defaultConfigurationName = Release;
		};
		03C12C2C284DEBE20030A303 /* Build configuration list for PBXNativeTarget "MissionTravelTests" */ = {
			isa = XCConfigurationList;
			buildConfigurations = (
				03C12C2D284DEBE20030A303 /* Debug */,
				03C12C2E284DEBE20030A303 /* Release */,
			);
			defaultConfigurationIsVisible = 0;
			defaultConfigurationName = Release;
		};
		03C12C2F284DEBE20030A303 /* Build configuration list for PBXNativeTarget "MissionTravelUITests" */ = {
			isa = XCConfigurationList;
			buildConfigurations = (
				03C12C30284DEBE20030A303 /* Debug */,
				03C12C31284DEBE20030A303 /* Release */,
			);
			defaultConfigurationIsVisible = 0;
			defaultConfigurationName = Release;
		};
/* End XCConfigurationList section */

/* Begin XCRemoteSwiftPackageReference section */
		0353F77E2856145C0098CA8C /* XCRemoteSwiftPackageReference "realm-swift" */ = {
			isa = XCRemoteSwiftPackageReference;
			repositoryURL = "https://github.com/realm/realm-swift";
			requirement = {
				branch = master;
				kind = branch;
			};
		};
		03C12C32284DEC9D0030A303 /* XCRemoteSwiftPackageReference "realm-swift" */ = {
			isa = XCRemoteSwiftPackageReference;
			repositoryURL = "https://github.com/realm/realm-swift";
			requirement = {
				branch = master;
				kind = branch;
			};
		};
/* End XCRemoteSwiftPackageReference section */

/* Begin XCSwiftPackageProductDependency section */
		0353F77F2856145C0098CA8C /* Realm */ = {
			isa = XCSwiftPackageProductDependency;
			package = 03C12C32284DEC9D0030A303 /* XCRemoteSwiftPackageReference "realm-swift" */;
			productName = Realm;
		};
		0353F7812856145C0098CA8C /* RealmSwift */ = {
			isa = XCSwiftPackageProductDependency;
			package = 03C12C32284DEC9D0030A303 /* XCRemoteSwiftPackageReference "realm-swift" */;
			productName = RealmSwift;
		};
		03C12C33284DEC9D0030A303 /* Realm */ = {
			isa = XCSwiftPackageProductDependency;
			package = 03C12C32284DEC9D0030A303 /* XCRemoteSwiftPackageReference "realm-swift" */;
			productName = Realm;
		};
		03C12C35284DEC9D0030A303 /* RealmSwift */ = {
			isa = XCSwiftPackageProductDependency;
			package = 03C12C32284DEC9D0030A303 /* XCRemoteSwiftPackageReference "realm-swift" */;
			productName = RealmSwift;
		};
/* End XCSwiftPackageProductDependency section */

/* Begin XCVersionGroup section */
		03C12C08284DEBE00030A303 /* MissionTravel.xcdatamodeld */ = {
			isa = XCVersionGroup;
			children = (
				03C12C09284DEBE00030A303 /* MissionTravel.xcdatamodel */,
			);
			currentVersion = 03C12C09284DEBE00030A303 /* MissionTravel.xcdatamodel */;
			path = MissionTravel.xcdatamodeld;
			sourceTree = "<group>";
			versionGroupType = wrapper.xcdatamodel;
		};
/* End XCVersionGroup section */
	};
	rootObject = 03C12BF4284DEBE00030A303 /* Project object */;
}
